
Microsoft Visual Studio Solution File, Format Version 12.00
# Visual Studio Version 17
VisualStudioVersion = 17.10.35013.160
MinimumVisualStudioVersion = 10.0.40219.1
Project("{FAE04EC0-301F-11D3-BF4B-00C04F79EFBC}") = "TaskManagerWithDocker", "TaskManagerWithDocker\TaskManagerWithDocker.csproj", "{B501E807-916A-4F3A-B285-A501941279B5}"
EndProject
Project("{E53339B2-1760-4266-BCC7-CA923CBCF16C}") = "docker-compose", "docker-compose.dcproj", "{3AD5B1D5-2FFE-4EC2-9329-4B9AA8430A7C}"
EndProject
Global
	GlobalSection(SolutionConfigurationPlatforms) = preSolution
		Debug|Any CPU = Debug|Any CPU
		Release|Any CPU = Release|Any CPU
	EndGlobalSection
	GlobalSection(ProjectConfigurationPlatforms) = postSolution
		{B501E807-916A-4F3A-B285-A501941279B5}.Debug|Any CPU.ActiveCfg = Debug|Any CPU
		{B501E807-916A-4F3A-B285-A501941279B5}.Debug|Any CPU.Build.0 = Debug|Any CPU
		{B501E807-916A-4F3A-B285-A501941279B5}.Release|Any CPU.ActiveCfg = Release|Any CPU
		{B501E807-916A-4F3A-B285-A501941279B5}.Release|Any CPU.Build.0 = Release|Any CPU
		{3AD5B1D5-2FFE-4EC2-9329-4B9AA8430A7C}.Debug|Any CPU.ActiveCfg = Debug|Any CPU
		{3AD5B1D5-2FFE-4EC2-9329-4B9AA8430A7C}.Debug|Any CPU.Build.0 = Debug|Any CPU
		{3AD5B1D5-2FFE-4EC2-9329-4B9AA8430A7C}.Release|Any CPU.ActiveCfg = Release|Any CPU
		{3AD5B1D5-2FFE-4EC2-9329-4B9AA8430A7C}.Release|Any CPU.Build.0 = Release|Any CPU
	EndGlobalSection
	GlobalSection(SolutionProperties) = preSolution
		HideSolutionNode = FALSE
	EndGlobalSection
	GlobalSection(ExtensibilityGlobals) = postSolution
		SolutionGuid = {C9F3A0EE-6286-486E-AC3A-C4E5B1B11DA1}
	EndGlobalSection
EndGlobal
